// !$*UTF8*$!
{
	archiveVersion = 1;
	classes = {
	};
	objectVersion = 55;
	objects = {

/* Begin PBXBuildFile section */
		23034B3727FC86BD00464A25 /* AppDelegate.swift in Sources */ = {isa = PBXBuildFile; fileRef = 23034B3627FC86BD00464A25 /* AppDelegate.swift */; };
		23034B3927FC86BD00464A25 /* SceneDelegate.swift in Sources */ = {isa = PBXBuildFile; fileRef = 23034B3827FC86BD00464A25 /* SceneDelegate.swift */; };
		23034B3E27FC86BD00464A25 /* Main.storyboard in Resources */ = {isa = PBXBuildFile; fileRef = 23034B3C27FC86BD00464A25 /* Main.storyboard */; };
		23034B4027FC86BD00464A25 /* Assets.xcassets in Resources */ = {isa = PBXBuildFile; fileRef = 23034B3F27FC86BD00464A25 /* Assets.xcassets */; };
		23034B4327FC86BD00464A25 /* LaunchScreen.storyboard in Resources */ = {isa = PBXBuildFile; fileRef = 23034B4127FC86BD00464A25 /* LaunchScreen.storyboard */; };
		23034B4F27FC9A4A00464A25 /* insta_logo.png in Resources */ = {isa = PBXBuildFile; fileRef = 23034B4B27FC9A4A00464A25 /* insta_logo.png */; };
		23034B5027FC9A4A00464A25 /* password_hidden_icon.png in Resources */ = {isa = PBXBuildFile; fileRef = 23034B4C27FC9A4A00464A25 /* password_hidden_icon.png */; };
		23034B5127FC9A4A00464A25 /* back.png in Resources */ = {isa = PBXBuildFile; fileRef = 23034B4D27FC9A4A00464A25 /* back.png */; };
		23034B5227FC9A4A00464A25 /* password_shown_icon.png in Resources */ = {isa = PBXBuildFile; fileRef = 23034B4E27FC9A4A00464A25 /* password_shown_icon.png */; };
		23034B5427FC9A9800464A25 /* LoginViewController.swift in Sources */ = {isa = PBXBuildFile; fileRef = 23034B5327FC9A9800464A25 /* LoginViewController.swift */; };
		23034B5627FCA37B00464A25 /* SuccessViewController.swift in Sources */ = {isa = PBXBuildFile; fileRef = 23034B5527FCA37B00464A25 /* SuccessViewController.swift */; };
		23206C8428218FDA00CF3BD6 /* StoryCollectionViewCell.swift in Sources */ = {isa = PBXBuildFile; fileRef = 23206C8228218FDA00CF3BD6 /* StoryCollectionViewCell.swift */; };
		23206C8528218FDA00CF3BD6 /* StoryCollectionViewCell.xib in Resources */ = {isa = PBXBuildFile; fileRef = 23206C8328218FDA00CF3BD6 /* StoryCollectionViewCell.xib */; };
		23206C872821908600CF3BD6 /* StoryUserDataModel.swift in Sources */ = {isa = PBXBuildFile; fileRef = 23206C862821908600CF3BD6 /* StoryUserDataModel.swift */; };
		2336D876280C5DA8006C07E4 /* TabBar.storyboard in Resources */ = {isa = PBXBuildFile; fileRef = 2336D875280C5DA8006C07E4 /* TabBar.storyboard */; };
		2336D878280C5E71006C07E4 /* TabBarController.swift in Sources */ = {isa = PBXBuildFile; fileRef = 2336D877280C5E71006C07E4 /* TabBarController.swift */; };
		2336D87C280C6029006C07E4 /* HomeViewController.swift in Sources */ = {isa = PBXBuildFile; fileRef = 2336D87B280C6029006C07E4 /* HomeViewController.swift */; };
		2336D87E280C6039006C07E4 /* SearchViewController.swift in Sources */ = {isa = PBXBuildFile; fileRef = 2336D87D280C6039006C07E4 /* SearchViewController.swift */; };
		2336D882280C664E006C07E4 /* Home.storyboard in Resources */ = {isa = PBXBuildFile; fileRef = 2336D881280C664E006C07E4 /* Home.storyboard */; };
		2336D884280C6662006C07E4 /* Search.storyboard in Resources */ = {isa = PBXBuildFile; fileRef = 2336D883280C6662006C07E4 /* Search.storyboard */; };
		23406BBA27FDF3DE00A9CD68 /* SignupFirstViewController.swift in Sources */ = {isa = PBXBuildFile; fileRef = 23406BB927FDF3DE00A9CD68 /* SignupFirstViewController.swift */; };
		23406BBC27FDFE3900A9CD68 /* SignupSecondViewController.swift in Sources */ = {isa = PBXBuildFile; fileRef = 23406BBB27FDFE3900A9CD68 /* SignupSecondViewController.swift */; };
		2343CBDB282418F70089E1F1 /* FeedTableViewCell.swift in Sources */ = {isa = PBXBuildFile; fileRef = 2343CBD9282418F70089E1F1 /* FeedTableViewCell.swift */; };
		2343CBDC282418F70089E1F1 /* FeedTableViewCell.xib in Resources */ = {isa = PBXBuildFile; fileRef = 2343CBDA282418F70089E1F1 /* FeedTableViewCell.xib */; };
		2343CBDE282421360089E1F1 /* FeedDataModel.swift in Sources */ = {isa = PBXBuildFile; fileRef = 2343CBDD282421360089E1F1 /* FeedDataModel.swift */; };
		23C401AE280DB1BF00DA6EAA /* Reels.storyboard in Resources */ = {isa = PBXBuildFile; fileRef = 23C401AD280DB1BF00DA6EAA /* Reels.storyboard */; };
		23C401B0280DB1CF00DA6EAA /* ReelsViewController.swift in Sources */ = {isa = PBXBuildFile; fileRef = 23C401AF280DB1CF00DA6EAA /* ReelsViewController.swift */; };
		23C401B3280DB1FF00DA6EAA /* ShopViewController.swift in Sources */ = {isa = PBXBuildFile; fileRef = 23C401B2280DB1FF00DA6EAA /* ShopViewController.swift */; };
		23C401B5280DB20C00DA6EAA /* Shop.storyboard in Resources */ = {isa = PBXBuildFile; fileRef = 23C401B4280DB20C00DA6EAA /* Shop.storyboard */; };
		23C401B8280DB21D00DA6EAA /* Profile.storyboard in Resources */ = {isa = PBXBuildFile; fileRef = 23C401B7280DB21D00DA6EAA /* Profile.storyboard */; };
		23C401BA280DB22800DA6EAA /* ProfileViewController.swift in Sources */ = {isa = PBXBuildFile; fileRef = 23C401B9280DB22800DA6EAA /* ProfileViewController.swift */; };
		23FF49AB2827F50600266E82 /* StoryTableViewCell.swift in Sources */ = {isa = PBXBuildFile; fileRef = 23FF49A92827F50600266E82 /* StoryTableViewCell.swift */; };
		23FF49AC2827F50600266E82 /* StoryTableViewCell.xib in Resources */ = {isa = PBXBuildFile; fileRef = 23FF49AA2827F50600266E82 /* StoryTableViewCell.xib */; };
/* End PBXBuildFile section */

/* Begin PBXFileReference section */
		23034B3327FC86BD00464A25 /* Instagram.app */ = {isa = PBXFileReference; explicitFileType = wrapper.application; includeInIndex = 0; path = Instagram.app; sourceTree = BUILT_PRODUCTS_DIR; };
		23034B3627FC86BD00464A25 /* AppDelegate.swift */ = {isa = PBXFileReference; lastKnownFileType = sourcecode.swift; path = AppDelegate.swift; sourceTree = "<group>"; };
		23034B3827FC86BD00464A25 /* SceneDelegate.swift */ = {isa = PBXFileReference; lastKnownFileType = sourcecode.swift; path = SceneDelegate.swift; sourceTree = "<group>"; };
		23034B3D27FC86BD00464A25 /* Base */ = {isa = PBXFileReference; lastKnownFileType = file.storyboard; name = Base; path = Base.lproj/Main.storyboard; sourceTree = "<group>"; };
		23034B3F27FC86BD00464A25 /* Assets.xcassets */ = {isa = PBXFileReference; lastKnownFileType = folder.assetcatalog; path = Assets.xcassets; sourceTree = "<group>"; };
		23034B4227FC86BD00464A25 /* Base */ = {isa = PBXFileReference; lastKnownFileType = file.storyboard; name = Base; path = Base.lproj/LaunchScreen.storyboard; sourceTree = "<group>"; };
		23034B4427FC86BD00464A25 /* Info.plist */ = {isa = PBXFileReference; lastKnownFileType = text.plist.xml; path = Info.plist; sourceTree = "<group>"; };
		23034B4B27FC9A4A00464A25 /* insta_logo.png */ = {isa = PBXFileReference; lastKnownFileType = image.png; path = insta_logo.png; sourceTree = "<group>"; };
		23034B4C27FC9A4A00464A25 /* password_hidden_icon.png */ = {isa = PBXFileReference; lastKnownFileType = image.png; path = password_hidden_icon.png; sourceTree = "<group>"; };
		23034B4D27FC9A4A00464A25 /* back.png */ = {isa = PBXFileReference; lastKnownFileType = image.png; path = back.png; sourceTree = "<group>"; };
		23034B4E27FC9A4A00464A25 /* password_shown_icon.png */ = {isa = PBXFileReference; lastKnownFileType = image.png; path = password_shown_icon.png; sourceTree = "<group>"; };
		23034B5327FC9A9800464A25 /* LoginViewController.swift */ = {isa = PBXFileReference; lastKnownFileType = sourcecode.swift; path = LoginViewController.swift; sourceTree = "<group>"; };
		23034B5527FCA37B00464A25 /* SuccessViewController.swift */ = {isa = PBXFileReference; lastKnownFileType = sourcecode.swift; path = SuccessViewController.swift; sourceTree = "<group>"; };
		23206C8228218FDA00CF3BD6 /* StoryCollectionViewCell.swift */ = {isa = PBXFileReference; lastKnownFileType = sourcecode.swift; path = StoryCollectionViewCell.swift; sourceTree = "<group>"; };
		23206C8328218FDA00CF3BD6 /* StoryCollectionViewCell.xib */ = {isa = PBXFileReference; lastKnownFileType = file.xib; path = StoryCollectionViewCell.xib; sourceTree = "<group>"; };
		23206C862821908600CF3BD6 /* StoryUserDataModel.swift */ = {isa = PBXFileReference; lastKnownFileType = sourcecode.swift; path = StoryUserDataModel.swift; sourceTree = "<group>"; };
		2336D875280C5DA8006C07E4 /* TabBar.storyboard */ = {isa = PBXFileReference; lastKnownFileType = file.storyboard; path = TabBar.storyboard; sourceTree = "<group>"; };
		2336D877280C5E71006C07E4 /* TabBarController.swift */ = {isa = PBXFileReference; lastKnownFileType = sourcecode.swift; path = TabBarController.swift; sourceTree = "<group>"; };
		2336D87B280C6029006C07E4 /* HomeViewController.swift */ = {isa = PBXFileReference; lastKnownFileType = sourcecode.swift; path = HomeViewController.swift; sourceTree = "<group>"; };
		2336D87D280C6039006C07E4 /* SearchViewController.swift */ = {isa = PBXFileReference; lastKnownFileType = sourcecode.swift; path = SearchViewController.swift; sourceTree = "<group>"; };
		2336D881280C664E006C07E4 /* Home.storyboard */ = {isa = PBXFileReference; lastKnownFileType = file.storyboard; path = Home.storyboard; sourceTree = "<group>"; };
		2336D883280C6662006C07E4 /* Search.storyboard */ = {isa = PBXFileReference; lastKnownFileType = file.storyboard; path = Search.storyboard; sourceTree = "<group>"; };
		23406BB927FDF3DE00A9CD68 /* SignupFirstViewController.swift */ = {isa = PBXFileReference; lastKnownFileType = sourcecode.swift; path = SignupFirstViewController.swift; sourceTree = "<group>"; };
		23406BBB27FDFE3900A9CD68 /* SignupSecondViewController.swift */ = {isa = PBXFileReference; lastKnownFileType = sourcecode.swift; path = SignupSecondViewController.swift; sourceTree = "<group>"; };
		2343CBD9282418F70089E1F1 /* FeedTableViewCell.swift */ = {isa = PBXFileReference; lastKnownFileType = sourcecode.swift; path = FeedTableViewCell.swift; sourceTree = "<group>"; };
		2343CBDA282418F70089E1F1 /* FeedTableViewCell.xib */ = {isa = PBXFileReference; lastKnownFileType = file.xib; path = FeedTableViewCell.xib; sourceTree = "<group>"; };
		2343CBDD282421360089E1F1 /* FeedDataModel.swift */ = {isa = PBXFileReference; lastKnownFileType = sourcecode.swift; path = FeedDataModel.swift; sourceTree = "<group>"; };
		23C401AD280DB1BF00DA6EAA /* Reels.storyboard */ = {isa = PBXFileReference; lastKnownFileType = file.storyboard; path = Reels.storyboard; sourceTree = "<group>"; };
		23C401AF280DB1CF00DA6EAA /* ReelsViewController.swift */ = {isa = PBXFileReference; lastKnownFileType = sourcecode.swift; path = ReelsViewController.swift; sourceTree = "<group>"; };
		23C401B2280DB1FF00DA6EAA /* ShopViewController.swift */ = {isa = PBXFileReference; lastKnownFileType = sourcecode.swift; path = ShopViewController.swift; sourceTree = "<group>"; };
		23C401B4280DB20C00DA6EAA /* Shop.storyboard */ = {isa = PBXFileReference; lastKnownFileType = file.storyboard; path = Shop.storyboard; sourceTree = "<group>"; };
		23C401B7280DB21D00DA6EAA /* Profile.storyboard */ = {isa = PBXFileReference; lastKnownFileType = file.storyboard; path = Profile.storyboard; sourceTree = "<group>"; };
		23C401B9280DB22800DA6EAA /* ProfileViewController.swift */ = {isa = PBXFileReference; lastKnownFileType = sourcecode.swift; path = ProfileViewController.swift; sourceTree = "<group>"; };
		23FF49A92827F50600266E82 /* StoryTableViewCell.swift */ = {isa = PBXFileReference; lastKnownFileType = sourcecode.swift; path = StoryTableViewCell.swift; sourceTree = "<group>"; };
		23FF49AA2827F50600266E82 /* StoryTableViewCell.xib */ = {isa = PBXFileReference; lastKnownFileType = file.xib; path = StoryTableViewCell.xib; sourceTree = "<group>"; };
/* End PBXFileReference section */

/* Begin PBXFrameworksBuildPhase section */
		23034B3027FC86BD00464A25 /* Frameworks */ = {
			isa = PBXFrameworksBuildPhase;
			buildActionMask = 2147483647;
			files = (
			);
			runOnlyForDeploymentPostprocessing = 0;
		};
/* End PBXFrameworksBuildPhase section */

/* Begin PBXGroup section */
		23034B2A27FC86BD00464A25 = {
			isa = PBXGroup;
			children = (
				23034B3527FC86BD00464A25 /* Instagram */,
				23034B3427FC86BD00464A25 /* Products */,
			);
			sourceTree = "<group>";
		};
		23034B3427FC86BD00464A25 /* Products */ = {
			isa = PBXGroup;
			children = (
				23034B3327FC86BD00464A25 /* Instagram.app */,
			);
			name = Products;
			sourceTree = "<group>";
		};
		23034B3527FC86BD00464A25 /* Instagram */ = {
			isa = PBXGroup;
			children = (
				23C401B6280DB21100DA6EAA /* Profile */,
				23C401B1280DB1F000DA6EAA /* Shop */,
				23C401AC280DB1B000DA6EAA /* Reels */,
				2336D87A280C600C006C07E4 /* Search */,
				2336D879280C5FF9006C07E4 /* Home */,
				2336D874280C592F006C07E4 /* TabBar */,
				23034B4A27FC99C000464A25 /* Resources */,
				23034B3627FC86BD00464A25 /* AppDelegate.swift */,
				23034B3827FC86BD00464A25 /* SceneDelegate.swift */,
				23034B5527FCA37B00464A25 /* SuccessViewController.swift */,
				23034B3C27FC86BD00464A25 /* Main.storyboard */,
				23406BB927FDF3DE00A9CD68 /* SignupFirstViewController.swift */,
				23406BBB27FDFE3900A9CD68 /* SignupSecondViewController.swift */,
				23034B3F27FC86BD00464A25 /* Assets.xcassets */,
				23034B4127FC86BD00464A25 /* LaunchScreen.storyboard */,
				23034B4427FC86BD00464A25 /* Info.plist */,
				23034B5327FC9A9800464A25 /* LoginViewController.swift */,
			);
			path = Instagram;
			sourceTree = "<group>";
		};
		23034B4A27FC99C000464A25 /* Resources */ = {
			isa = PBXGroup;
			children = (
				23034B4D27FC9A4A00464A25 /* back.png */,
				23034B4B27FC9A4A00464A25 /* insta_logo.png */,
				23034B4C27FC9A4A00464A25 /* password_hidden_icon.png */,
				23034B4E27FC9A4A00464A25 /* password_shown_icon.png */,
			);
			path = Resources;
			sourceTree = "<group>";
		};
		23206C8128218FC900CF3BD6 /* Story */ = {
			isa = PBXGroup;
			children = (
				23206C8228218FDA00CF3BD6 /* StoryCollectionViewCell.swift */,
				23206C8328218FDA00CF3BD6 /* StoryCollectionViewCell.xib */,
				23206C862821908600CF3BD6 /* StoryUserDataModel.swift */,
				23FF49A92827F50600266E82 /* StoryTableViewCell.swift */,
				23FF49AA2827F50600266E82 /* StoryTableViewCell.xib */,
			);
			path = Story;
			sourceTree = "<group>";
		};
		2336D874280C592F006C07E4 /* TabBar */ = {
			isa = PBXGroup;
			children = (
				2336D875280C5DA8006C07E4 /* TabBar.storyboard */,
				2336D877280C5E71006C07E4 /* TabBarController.swift */,
			);
			path = TabBar;
			sourceTree = "<group>";
		};
		2336D879280C5FF9006C07E4 /* Home */ = {
			isa = PBXGroup;
			children = (
				2343CBD8282412980089E1F1 /* Feed */,
				23206C8128218FC900CF3BD6 /* Story */,
				2336D87B280C6029006C07E4 /* HomeViewController.swift */,
				2336D881280C664E006C07E4 /* Home.storyboard */,
			);
			path = Home;
			sourceTree = "<group>";
		};
		2336D87A280C600C006C07E4 /* Search */ = {
			isa = PBXGroup;
			children = (
				2336D87D280C6039006C07E4 /* SearchViewController.swift */,
				2336D883280C6662006C07E4 /* Search.storyboard */,
			);
			path = Search;
			sourceTree = "<group>";
		};
		2343CBD8282412980089E1F1 /* Feed */ = {
			isa = PBXGroup;
			children = (
				2343CBD9282418F70089E1F1 /* FeedTableViewCell.swift */,
				2343CBDA282418F70089E1F1 /* FeedTableViewCell.xib */,
				2343CBDD282421360089E1F1 /* FeedDataModel.swift */,
			);
			path = Feed;
			sourceTree = "<group>";
		};
		23C401AC280DB1B000DA6EAA /* Reels */ = {
			isa = PBXGroup;
			children = (
				23C401AD280DB1BF00DA6EAA /* Reels.storyboard */,
				23C401AF280DB1CF00DA6EAA /* ReelsViewController.swift */,
			);
			path = Reels;
			sourceTree = "<group>";
		};
		23C401B1280DB1F000DA6EAA /* Shop */ = {
			isa = PBXGroup;
			children = (
				23C401B2280DB1FF00DA6EAA /* ShopViewController.swift */,
				23C401B4280DB20C00DA6EAA /* Shop.storyboard */,
			);
			path = Shop;
			sourceTree = "<group>";
		};
		23C401B6280DB21100DA6EAA /* Profile */ = {
			isa = PBXGroup;
			children = (
				23C401B7280DB21D00DA6EAA /* Profile.storyboard */,
				23C401B9280DB22800DA6EAA /* ProfileViewController.swift */,
			);
			path = Profile;
			sourceTree = "<group>";
		};
/* End PBXGroup section */

/* Begin PBXNativeTarget section */
		23034B3227FC86BD00464A25 /* Instagram */ = {
			isa = PBXNativeTarget;
			buildConfigurationList = 23034B4727FC86BD00464A25 /* Build configuration list for PBXNativeTarget "Instagram" */;
			buildPhases = (
				23034B2F27FC86BD00464A25 /* Sources */,
				23034B3027FC86BD00464A25 /* Frameworks */,
				23034B3127FC86BD00464A25 /* Resources */,
			);
			buildRules = (
			);
			dependencies = (
			);
			name = Instagram;
			productName = Instagram;
			productReference = 23034B3327FC86BD00464A25 /* Instagram.app */;
			productType = "com.apple.product-type.application";
		};
/* End PBXNativeTarget section */

/* Begin PBXProject section */
		23034B2B27FC86BD00464A25 /* Project object */ = {
			isa = PBXProject;
			attributes = {
				BuildIndependentTargetsInParallel = 1;
				LastSwiftUpdateCheck = 1320;
				LastUpgradeCheck = 1320;
				TargetAttributes = {
					23034B3227FC86BD00464A25 = {
						CreatedOnToolsVersion = 13.2.1;
					};
				};
			};
			buildConfigurationList = 23034B2E27FC86BD00464A25 /* Build configuration list for PBXProject "Instagram" */;
			compatibilityVersion = "Xcode 13.0";
			developmentRegion = en;
			hasScannedForEncodings = 0;
			knownRegions = (
				en,
				Base,
			);
			mainGroup = 23034B2A27FC86BD00464A25;
			productRefGroup = 23034B3427FC86BD00464A25 /* Products */;
			projectDirPath = "";
			projectRoot = "";
			targets = (
				23034B3227FC86BD00464A25 /* Instagram */,
			);
		};
/* End PBXProject section */

/* Begin PBXResourcesBuildPhase section */
		23034B3127FC86BD00464A25 /* Resources */ = {
			isa = PBXResourcesBuildPhase;
			buildActionMask = 2147483647;
			files = (
				23034B5227FC9A4A00464A25 /* password_shown_icon.png in Resources */,
				23206C8528218FDA00CF3BD6 /* StoryCollectionViewCell.xib in Resources */,
				23C401B8280DB21D00DA6EAA /* Profile.storyboard in Resources */,
				23034B4F27FC9A4A00464A25 /* insta_logo.png in Resources */,
				23034B4327FC86BD00464A25 /* LaunchScreen.storyboard in Resources */,
				23C401B5280DB20C00DA6EAA /* Shop.storyboard in Resources */,
				2343CBDC282418F70089E1F1 /* FeedTableViewCell.xib in Resources */,
				2336D882280C664E006C07E4 /* Home.storyboard in Resources */,
				2336D884280C6662006C07E4 /* Search.storyboard in Resources */,
				23C401AE280DB1BF00DA6EAA /* Reels.storyboard in Resources */,
				23034B5127FC9A4A00464A25 /* back.png in Resources */,
				23FF49AC2827F50600266E82 /* StoryTableViewCell.xib in Resources */,
				2336D876280C5DA8006C07E4 /* TabBar.storyboard in Resources */,
				23034B5027FC9A4A00464A25 /* password_hidden_icon.png in Resources */,
				23034B4027FC86BD00464A25 /* Assets.xcassets in Resources */,
				23034B3E27FC86BD00464A25 /* Main.storyboard in Resources */,
			);
			runOnlyForDeploymentPostprocessing = 0;
		};
/* End PBXResourcesBuildPhase section */

/* Begin PBXSourcesBuildPhase section */
		23034B2F27FC86BD00464A25 /* Sources */ = {
			isa = PBXSourcesBuildPhase;
			buildActionMask = 2147483647;
			files = (
				23206C872821908600CF3BD6 /* StoryUserDataModel.swift in Sources */,
				23FF49AB2827F50600266E82 /* StoryTableViewCell.swift in Sources */,
				23034B5427FC9A9800464A25 /* LoginViewController.swift in Sources */,
				23406BBC27FDFE3900A9CD68 /* SignupSecondViewController.swift in Sources */,
				23406BBA27FDF3DE00A9CD68 /* SignupFirstViewController.swift in Sources */,
				2343CBDB282418F70089E1F1 /* FeedTableViewCell.swift in Sources */,
				2336D87E280C6039006C07E4 /* SearchViewController.swift in Sources */,
				23C401B0280DB1CF00DA6EAA /* ReelsViewController.swift in Sources */,
				2336D87C280C6029006C07E4 /* HomeViewController.swift in Sources */,
				23034B3727FC86BD00464A25 /* AppDelegate.swift in Sources */,
				2336D878280C5E71006C07E4 /* TabBarController.swift in Sources */,
				23034B5627FCA37B00464A25 /* SuccessViewController.swift in Sources */,
				23034B3927FC86BD00464A25 /* SceneDelegate.swift in Sources */,
				23C401BA280DB22800DA6EAA /* ProfileViewController.swift in Sources */,
				2343CBDE282421360089E1F1 /* FeedDataModel.swift in Sources */,
				23C401B3280DB1FF00DA6EAA /* ShopViewController.swift in Sources */,
				23206C8428218FDA00CF3BD6 /* StoryCollectionViewCell.swift in Sources */,
			);
			runOnlyForDeploymentPostprocessing = 0;
		};
/* End PBXSourcesBuildPhase section */

/* Begin PBXVariantGroup section */
		23034B3C27FC86BD00464A25 /* Main.storyboard */ = {
			isa = PBXVariantGroup;
			children = (
				23034B3D27FC86BD00464A25 /* Base */,
			);
			name = Main.storyboard;
			sourceTree = "<group>";
		};
		23034B4127FC86BD00464A25 /* LaunchScreen.storyboard */ = {
			isa = PBXVariantGroup;
			children = (
				23034B4227FC86BD00464A25 /* Base */,
			);
			name = LaunchScreen.storyboard;
			sourceTree = "<group>";
		};
/* End PBXVariantGroup section */

/* Begin XCBuildConfiguration section */
		23034B4527FC86BD00464A25 /* Debug */ = {
			isa = XCBuildConfiguration;
			buildSettings = {
				ALWAYS_SEARCH_USER_PATHS = NO;
				CLANG_ANALYZER_NONNULL = YES;
				CLANG_ANALYZER_NUMBER_OBJECT_CONVERSION = YES_AGGRESSIVE;
				CLANG_CXX_LANGUAGE_STANDARD = "gnu++17";
				CLANG_CXX_LIBRARY = "libc++";
				CLANG_ENABLE_MODULES = YES;
				CLANG_ENABLE_OBJC_ARC = YES;
				CLANG_ENABLE_OBJC_WEAK = YES;
				CLANG_WARN_BLOCK_CAPTURE_AUTORELEASING = YES;
				CLANG_WARN_BOOL_CONVERSION = YES;
				CLANG_WARN_COMMA = YES;
				CLANG_WARN_CONSTANT_CONVERSION = YES;
				CLANG_WARN_DEPRECATED_OBJC_IMPLEMENTATIONS = YES;
				CLANG_WARN_DIRECT_OBJC_ISA_USAGE = YES_ERROR;
				CLANG_WARN_DOCUMENTATION_COMMENTS = YES;
				CLANG_WARN_EMPTY_BODY = YES;
				CLANG_WARN_ENUM_CONVERSION = YES;
				CLANG_WARN_INFINITE_RECURSION = YES;
				CLANG_WARN_INT_CONVERSION = YES;
				CLANG_WARN_NON_LITERAL_NULL_CONVERSION = YES;
				CLANG_WARN_OBJC_IMPLICIT_RETAIN_SELF = YES;
				CLANG_WARN_OBJC_LITERAL_CONVERSION = YES;
				CLANG_WARN_OBJC_ROOT_CLASS = YES_ERROR;
				CLANG_WARN_QUOTED_INCLUDE_IN_FRAMEWORK_HEADER = YES;
				CLANG_WARN_RANGE_LOOP_ANALYSIS = YES;
				CLANG_WARN_STRICT_PROTOTYPES = YES;
				CLANG_WARN_SUSPICIOUS_MOVE = YES;
				CLANG_WARN_UNGUARDED_AVAILABILITY = YES_AGGRESSIVE;
				CLANG_WARN_UNREACHABLE_CODE = YES;
				CLANG_WARN__DUPLICATE_METHOD_MATCH = YES;
				COPY_PHASE_STRIP = NO;
				DEBUG_INFORMATION_FORMAT = dwarf;
				ENABLE_STRICT_OBJC_MSGSEND = YES;
				ENABLE_TESTABILITY = YES;
				GCC_C_LANGUAGE_STANDARD = gnu11;
				GCC_DYNAMIC_NO_PIC = NO;
				GCC_NO_COMMON_BLOCKS = YES;
				GCC_OPTIMIZATION_LEVEL = 0;
				GCC_PREPROCESSOR_DEFINITIONS = (
					"DEBUG=1",
					"$(inherited)",
				);
				GCC_WARN_64_TO_32_BIT_CONVERSION = YES;
				GCC_WARN_ABOUT_RETURN_TYPE = YES_ERROR;
				GCC_WARN_UNDECLARED_SELECTOR = YES;
				GCC_WARN_UNINITIALIZED_AUTOS = YES_AGGRESSIVE;
				GCC_WARN_UNUSED_FUNCTION = YES;
				GCC_WARN_UNUSED_VARIABLE = YES;
				IPHONEOS_DEPLOYMENT_TARGET = 15.2;
				MTL_ENABLE_DEBUG_INFO = INCLUDE_SOURCE;
				MTL_FAST_MATH = YES;
				ONLY_ACTIVE_ARCH = YES;
				SDKROOT = iphoneos;
				SWIFT_ACTIVE_COMPILATION_CONDITIONS = DEBUG;
				SWIFT_OPTIMIZATION_LEVEL = "-Onone";
			};
			name = Debug;
		};
		23034B4627FC86BD00464A25 /* Release */ = {
			isa = XCBuildConfiguration;
			buildSettings = {
				ALWAYS_SEARCH_USER_PATHS = NO;
				CLANG_ANALYZER_NONNULL = YES;
				CLANG_ANALYZER_NUMBER_OBJECT_CONVERSION = YES_AGGRESSIVE;
				CLANG_CXX_LANGUAGE_STANDARD = "gnu++17";
				CLANG_CXX_LIBRARY = "libc++";
				CLANG_ENABLE_MODULES = YES;
				CLANG_ENABLE_OBJC_ARC = YES;
				CLANG_ENABLE_OBJC_WEAK = YES;
				CLANG_WARN_BLOCK_CAPTURE_AUTORELEASING = YES;
				CLANG_WARN_BOOL_CONVERSION = YES;
				CLANG_WARN_COMMA = YES;
				CLANG_WARN_CONSTANT_CONVERSION = YES;
				CLANG_WARN_DEPRECATED_OBJC_IMPLEMENTATIONS = YES;
				CLANG_WARN_DIRECT_OBJC_ISA_USAGE = YES_ERROR;
				CLANG_WARN_DOCUMENTATION_COMMENTS = YES;
				CLANG_WARN_EMPTY_BODY = YES;
				CLANG_WARN_ENUM_CONVERSION = YES;
				CLANG_WARN_INFINITE_RECURSION = YES;
				CLANG_WARN_INT_CONVERSION = YES;
				CLANG_WARN_NON_LITERAL_NULL_CONVERSION = YES;
				CLANG_WARN_OBJC_IMPLICIT_RETAIN_SELF = YES;
				CLANG_WARN_OBJC_LITERAL_CONVERSION = YES;
				CLANG_WARN_OBJC_ROOT_CLASS = YES_ERROR;
				CLANG_WARN_QUOTED_INCLUDE_IN_FRAMEWORK_HEADER = YES;
				CLANG_WARN_RANGE_LOOP_ANALYSIS = YES;
				CLANG_WARN_STRICT_PROTOTYPES = YES;
				CLANG_WARN_SUSPICIOUS_MOVE = YES;
				CLANG_WARN_UNGUARDED_AVAILABILITY = YES_AGGRESSIVE;
				CLANG_WARN_UNREACHABLE_CODE = YES;
				CLANG_WARN__DUPLICATE_METHOD_MATCH = YES;
				COPY_PHASE_STRIP = NO;
				DEBUG_INFORMATION_FORMAT = "dwarf-with-dsym";
				ENABLE_NS_ASSERTIONS = NO;
				ENABLE_STRICT_OBJC_MSGSEND = YES;
				GCC_C_LANGUAGE_STANDARD = gnu11;
				GCC_NO_COMMON_BLOCKS = YES;
				GCC_WARN_64_TO_32_BIT_CONVERSION = YES;
				GCC_WARN_ABOUT_RETURN_TYPE = YES_ERROR;
				GCC_WARN_UNDECLARED_SELECTOR = YES;
				GCC_WARN_UNINITIALIZED_AUTOS = YES_AGGRESSIVE;
				GCC_WARN_UNUSED_FUNCTION = YES;
				GCC_WARN_UNUSED_VARIABLE = YES;
				IPHONEOS_DEPLOYMENT_TARGET = 15.2;
				MTL_ENABLE_DEBUG_INFO = NO;
				MTL_FAST_MATH = YES;
				SDKROOT = iphoneos;
				SWIFT_COMPILATION_MODE = wholemodule;
				SWIFT_OPTIMIZATION_LEVEL = "-O";
				VALIDATE_PRODUCT = YES;
			};
			name = Release;
		};
		23034B4827FC86BD00464A25 /* Debug */ = {
			isa = XCBuildConfiguration;
			buildSettings = {
				ASSETCATALOG_COMPILER_APPICON_NAME = AppIcon;
				ASSETCATALOG_COMPILER_GLOBAL_ACCENT_COLOR_NAME = AccentColor;
				CODE_SIGN_STYLE = Automatic;
				CURRENT_PROJECT_VERSION = 1;
				DEVELOPMENT_TEAM = 272QNH7NKN;
				GENERATE_INFOPLIST_FILE = YES;
				INFOPLIST_FILE = Instagram/Info.plist;
				INFOPLIST_KEY_UIApplicationSupportsIndirectInputEvents = YES;
				INFOPLIST_KEY_UILaunchStoryboardName = LaunchScreen;
				INFOPLIST_KEY_UIMainStoryboardFile = Main;
				INFOPLIST_KEY_UISupportedInterfaceOrientations_iPad = "UIInterfaceOrientationPortrait UIInterfaceOrientationPortraitUpsideDown UIInterfaceOrientationLandscapeLeft UIInterfaceOrientationLandscapeRight";
				INFOPLIST_KEY_UISupportedInterfaceOrientations_iPhone = "UIInterfaceOrientationPortrait UIInterfaceOrientationLandscapeLeft UIInterfaceOrientationLandscapeRight";
				LD_RUNPATH_SEARCH_PATHS = (
					"$(inherited)",
					"@executable_path/Frameworks",
				);
				MARKETING_VERSION = 1.0;
				PRODUCT_BUNDLE_IDENTIFIER = org.sopt.Instagram.practice;
				PRODUCT_NAME = "$(TARGET_NAME)";
				SWIFT_EMIT_LOC_STRINGS = YES;
				SWIFT_VERSION = 5.0;
				TARGETED_DEVICE_FAMILY = "1,2";
			};
			name = Debug;
		};
		23034B4927FC86BD00464A25 /* Release */ = {
			isa = XCBuildConfiguration;
			buildSettings = {
				ASSETCATALOG_COMPILER_APPICON_NAME = AppIcon;
				ASSETCATALOG_COMPILER_GLOBAL_ACCENT_COLOR_NAME = AccentColor;
				CODE_SIGN_STYLE = Automatic;
				CURRENT_PROJECT_VERSION = 1;
				DEVELOPMENT_TEAM = 272QNH7NKN;
				GENERATE_INFOPLIST_FILE = YES;
				INFOPLIST_FILE = Instagram/Info.plist;
				INFOPLIST_KEY_UIApplicationSupportsIndirectInputEvents = YES;
				INFOPLIST_KEY_UILaunchStoryboardName = LaunchScreen;
				INFOPLIST_KEY_UIMainStoryboardFile = Main;
				INFOPLIST_KEY_UISupportedInterfaceOrientations_iPad = "UIInterfaceOrientationPortrait UIInterfaceOrientationPortraitUpsideDown UIInterfaceOrientationLandscapeLeft UIInterfaceOrientationLandscapeRight";
				INFOPLIST_KEY_UISupportedInterfaceOrientations_iPhone = "UIInterfaceOrientationPortrait UIInterfaceOrientationLandscapeLeft UIInterfaceOrientationLandscapeRight";
				LD_RUNPATH_SEARCH_PATHS = (
					"$(inherited)",
					"@executable_path/Frameworks",
				);
				MARKETING_VERSION = 1.0;
				PRODUCT_BUNDLE_IDENTIFIER = org.sopt.Instagram.practice;
				PRODUCT_NAME = "$(TARGET_NAME)";
				SWIFT_EMIT_LOC_STRINGS = YES;
				SWIFT_VERSION = 5.0;
				TARGETED_DEVICE_FAMILY = "1,2";
			};
			name = Release;
		};
/* End XCBuildConfiguration section */

/* Begin XCConfigurationList section */
		23034B2E27FC86BD00464A25 /* Build configuration list for PBXProject "Instagram" */ = {
			isa = XCConfigurationList;
			buildConfigurations = (
				23034B4527FC86BD00464A25 /* Debug */,
				23034B4627FC86BD00464A25 /* Release */,
			);
			defaultConfigurationIsVisible = 0;
			defaultConfigurationName = Release;
		};
		23034B4727FC86BD00464A25 /* Build configuration list for PBXNativeTarget "Instagram" */ = {
			isa = XCConfigurationList;
			buildConfigurations = (
				23034B4827FC86BD00464A25 /* Debug */,
				23034B4927FC86BD00464A25 /* Release */,
			);
			defaultConfigurationIsVisible = 0;
			defaultConfigurationName = Release;
		};
/* End XCConfigurationList section */
	};
	rootObject = 23034B2B27FC86BD00464A25 /* Project object */;
}
